
Microsoft Visual Studio Solution File, Format Version 12.00
# Visual Studio 14
VisualStudioVersion = 14.0.25420.1
MinimumVisualStudioVersion = 10.0.40219.1
Project("{2150E333-8FDC-42A3-9474-1A3956D46DE8}") = "UnitTests", "UnitTests", "{28ABA4DB-B7F5-4CE2-A934-02D4480846DE}"
EndProject
Project("{2150E333-8FDC-42A3-9474-1A3956D46DE8}") = "IntegrationTests", "IntegrationTests", "{4124B717-9263-47F5-9894-8C1DE781F957}"
EndProject
Project("{FAE04EC0-301F-11D3-BF4B-00C04F79EFBC}") = "AtPar.Integration.Tests", "IntegrationTests\AtPar.Integration.Tests\AtPar.Integration.Tests.csproj", "{5959B95F-D268-4DEA-B34B-7FA910B03816}"
EndProject
Project("{FAE04EC0-301F-11D3-BF4B-00C04F79EFBC}") = "AtPar.AssetManagement.UnitTests", "UnitTests\AtPar.AssetManagement.UnitTests\AtPar.AssetManagement.UnitTests.csproj", "{4A2A7A65-BF4B-4B61-99E6-4A8D02BB76BF}"
EndProject
Project("{FAE04EC0-301F-11D3-BF4B-00C04F79EFBC}") = "AtPar.BinToBin.UnitTests", "UnitTests\AtPar.BinToBin.UnitTests\AtPar.BinToBin.UnitTests.csproj", "{8A4E9FDF-3E1C-4038-9C56-C28434BDBEED}"
EndProject
Project("{FAE04EC0-301F-11D3-BF4B-00C04F79EFBC}") = "AtPar.CartCount.UnitTests", "UnitTests\AtPar.CartCount.UnitTests\AtPar.CartCount.UnitTests.csproj", "{7DC09E95-5C71-482B-9466-FE3A4F00EAFB}"
EndProject
Project("{FAE04EC0-301F-11D3-BF4B-00C04F79EFBC}") = "AtPar.CycleCount.UnitTests", "UnitTests\AtPar.CycleCount.UnitTests\AtPar.CycleCount.UnitTests.csproj", "{48C4C38E-7B71-4BDE-BBEE-B9C201FF8BAD}"
EndProject
Project("{FAE04EC0-301F-11D3-BF4B-00C04F79EFBC}") = "AtPar.Deliver.UnitTests", "UnitTests\AtPar.Deliver.UnitTests\AtPar.Deliver.UnitTests.csproj", "{9F9D62E0-5C0A-4069-BC3B-B2496EA6B652}"
EndProject
Project("{FAE04EC0-301F-11D3-BF4B-00C04F79EFBC}") = "AtPar.Init.UnitTests", "UnitTests\AtPar.Init.UnitTests\AtPar.Init.UnitTests.csproj", "{49D6B3A5-A45F-431F-BCB6-D1869155AF56}"
EndProject
Project("{FAE04EC0-301F-11D3-BF4B-00C04F79EFBC}") = "AtPar.ParManagement.UnitTests", "UnitTests\AtPar.ParManagement.UnitTests\AtPar.ParManagement.UnitTests.csproj", "{34A5928B-271A-4E85-B109-45EBF6038252}"
EndProject
Project("{FAE04EC0-301F-11D3-BF4B-00C04F79EFBC}") = "AtPar.Pharmacy.UnitTests", "UnitTests\AtPar.Pharmacy.UnitTests\AtPar.Pharmacy.UnitTests.csproj", "{3ACB0ED1-B7A4-4A55-BBDA-C2936C68DE76}"
EndProject
Project("{FAE04EC0-301F-11D3-BF4B-00C04F79EFBC}") = "AtPar.PickPlan.UnitTests", "UnitTests\AtPar.PickPlan.UnitTests\AtPar.PickPlan.UnitTests.csproj", "{BCDCFBDB-4FFC-4B29-8062-377376AD4909}"
EndProject
Project("{FAE04EC0-301F-11D3-BF4B-00C04F79EFBC}") = "AtPar.POU.UnitTests", "UnitTests\AtPar.POU.UnitTests\AtPar.POU.UnitTests.csproj", "{639C2217-A540-452B-B41B-D12861BC88BB}"
EndProject
Project("{FAE04EC0-301F-11D3-BF4B-00C04F79EFBC}") = "AtPar.Putaway.UnitTests", "UnitTests\AtPar.Putaway.UnitTests\AtPar.Putaway.UnitTests.csproj", "{39ACAFEE-9606-44A9-900D-4040C7F3AA61}"
EndProject
Project("{FAE04EC0-301F-11D3-BF4B-00C04F79EFBC}") = "AtPar.Receiving.UnitTests", "UnitTests\AtPar.Receiving.UnitTests\AtPar.Receiving.UnitTests.csproj", "{BDF2F243-5D55-465C-ACE4-987B87DBBA1C}"
EndProject
Project("{FAE04EC0-301F-11D3-BF4B-00C04F79EFBC}") = "AtPar.StockIssue.UnitTests", "UnitTests\AtPar.StockIssue.UnitTests\AtPar.StockIssue.UnitTests.csproj", "{8E9D3C1E-8B5B-4C56-B364-8BDF3B8B2E23}"
EndProject
Project("{FAE04EC0-301F-11D3-BF4B-00C04F79EFBC}") = "AtPar.TrackIT.UnitTests", "UnitTests\AtPar.TrackIT.UnitTests\AtPar.TrackIT.UnitTests.csproj", "{3BE96AC7-192A-4A5A-8D39-71864CE3C322}"
EndProject
Global
	GlobalSection(SolutionConfigurationPlatforms) = preSolution
		Debug|Any CPU = Debug|Any CPU
		Release|Any CPU = Release|Any CPU
	EndGlobalSection
	GlobalSection(ProjectConfigurationPlatforms) = postSolution
		{5959B95F-D268-4DEA-B34B-7FA910B03816}.Debug|Any CPU.ActiveCfg = Debug|Any CPU
		{5959B95F-D268-4DEA-B34B-7FA910B03816}.Debug|Any CPU.Build.0 = Debug|Any CPU
		{5959B95F-D268-4DEA-B34B-7FA910B03816}.Release|Any CPU.ActiveCfg = Release|Any CPU
		{5959B95F-D268-4DEA-B34B-7FA910B03816}.Release|Any CPU.Build.0 = Release|Any CPU
		{4A2A7A65-BF4B-4B61-99E6-4A8D02BB76BF}.Debug|Any CPU.ActiveCfg = Debug|Any CPU
		{4A2A7A65-BF4B-4B61-99E6-4A8D02BB76BF}.Debug|Any CPU.Build.0 = Debug|Any CPU
		{4A2A7A65-BF4B-4B61-99E6-4A8D02BB76BF}.Release|Any CPU.ActiveCfg = Release|Any CPU
		{4A2A7A65-BF4B-4B61-99E6-4A8D02BB76BF}.Release|Any CPU.Build.0 = Release|Any CPU
		{8A4E9FDF-3E1C-4038-9C56-C28434BDBEED}.Debug|Any CPU.ActiveCfg = Debug|Any CPU
		{8A4E9FDF-3E1C-4038-9C56-C28434BDBEED}.Debug|Any CPU.Build.0 = Debug|Any CPU
		{8A4E9FDF-3E1C-4038-9C56-C28434BDBEED}.Release|Any CPU.ActiveCfg = Release|Any CPU
		{8A4E9FDF-3E1C-4038-9C56-C28434BDBEED}.Release|Any CPU.Build.0 = Release|Any CPU
		{7DC09E95-5C71-482B-9466-FE3A4F00EAFB}.Debug|Any CPU.ActiveCfg = Debug|Any CPU
		{7DC09E95-5C71-482B-9466-FE3A4F00EAFB}.Debug|Any CPU.Build.0 = Debug|Any CPU
		{7DC09E95-5C71-482B-9466-FE3A4F00EAFB}.Release|Any CPU.ActiveCfg = Release|Any CPU
		{7DC09E95-5C71-482B-9466-FE3A4F00EAFB}.Release|Any CPU.Build.0 = Release|Any CPU
		{48C4C38E-7B71-4BDE-BBEE-B9C201FF8BAD}.Debug|Any CPU.ActiveCfg = Debug|Any CPU
		{48C4C38E-7B71-4BDE-BBEE-B9C201FF8BAD}.Debug|Any CPU.Build.0 = Debug|Any CPU
		{48C4C38E-7B71-4BDE-BBEE-B9C201FF8BAD}.Release|Any CPU.ActiveCfg = Release|Any CPU
		{48C4C38E-7B71-4BDE-BBEE-B9C201FF8BAD}.Release|Any CPU.Build.0 = Release|Any CPU
		{9F9D62E0-5C0A-4069-BC3B-B2496EA6B652}.Debug|Any CPU.ActiveCfg = Debug|Any CPU
		{9F9D62E0-5C0A-4069-BC3B-B2496EA6B652}.Debug|Any CPU.Build.0 = Debug|Any CPU
		{9F9D62E0-5C0A-4069-BC3B-B2496EA6B652}.Release|Any CPU.ActiveCfg = Release|Any CPU
		{9F9D62E0-5C0A-4069-BC3B-B2496EA6B652}.Release|Any CPU.Build.0 = Release|Any CPU
		{49D6B3A5-A45F-431F-BCB6-D1869155AF56}.Debug|Any CPU.ActiveCfg = Debug|Any CPU
		{49D6B3A5-A45F-431F-BCB6-D1869155AF56}.Debug|Any CPU.Build.0 = Debug|Any CPU
		{49D6B3A5-A45F-431F-BCB6-D1869155AF56}.Release|Any CPU.ActiveCfg = Release|Any CPU
		{49D6B3A5-A45F-431F-BCB6-D1869155AF56}.Release|Any CPU.Build.0 = Release|Any CPU
		{34A5928B-271A-4E85-B109-45EBF6038252}.Debug|Any CPU.ActiveCfg = Debug|Any CPU
		{34A5928B-271A-4E85-B109-45EBF6038252}.Debug|Any CPU.Build.0 = Debug|Any CPU
		{34A5928B-271A-4E85-B109-45EBF6038252}.Release|Any CPU.ActiveCfg = Release|Any CPU
		{34A5928B-271A-4E85-B109-45EBF6038252}.Release|Any CPU.Build.0 = Release|Any CPU
		{3ACB0ED1-B7A4-4A55-BBDA-C2936C68DE76}.Debug|Any CPU.ActiveCfg = Debug|Any CPU
		{3ACB0ED1-B7A4-4A55-BBDA-C2936C68DE76}.Debug|Any CPU.Build.0 = Debug|Any CPU
		{3ACB0ED1-B7A4-4A55-BBDA-C2936C68DE76}.Release|Any CPU.ActiveCfg = Release|Any CPU
		{3ACB0ED1-B7A4-4A55-BBDA-C2936C68DE76}.Release|Any CPU.Build.0 = Release|Any CPU
		{BCDCFBDB-4FFC-4B29-8062-377376AD4909}.Debug|Any CPU.ActiveCfg = Debug|Any CPU
		{BCDCFBDB-4FFC-4B29-8062-377376AD4909}.Debug|Any CPU.Build.0 = Debug|Any CPU
		{BCDCFBDB-4FFC-4B29-8062-377376AD4909}.Release|Any CPU.ActiveCfg = Release|Any CPU
		{BCDCFBDB-4FFC-4B29-8062-377376AD4909}.Release|Any CPU.Build.0 = Release|Any CPU
		{639C2217-A540-452B-B41B-D12861BC88BB}.Debug|Any CPU.ActiveCfg = Debug|Any CPU
		{639C2217-A540-452B-B41B-D12861BC88BB}.Debug|Any CPU.Build.0 = Debug|Any CPU
		{639C2217-A540-452B-B41B-D12861BC88BB}.Release|Any CPU.ActiveCfg = Release|Any CPU
		{639C2217-A540-452B-B41B-D12861BC88BB}.Release|Any CPU.Build.0 = Release|Any CPU
		{39ACAFEE-9606-44A9-900D-4040C7F3AA61}.Debug|Any CPU.ActiveCfg = Debug|Any CPU
		{39ACAFEE-9606-44A9-900D-4040C7F3AA61}.Debug|Any CPU.Build.0 = Debug|Any CPU
		{39ACAFEE-9606-44A9-900D-4040C7F3AA61}.Release|Any CPU.ActiveCfg = Release|Any CPU
		{39ACAFEE-9606-44A9-900D-4040C7F3AA61}.Release|Any CPU.Build.0 = Release|Any CPU
		{BDF2F243-5D55-465C-ACE4-987B87DBBA1C}.Debug|Any CPU.ActiveCfg = Debug|Any CPU
		{BDF2F243-5D55-465C-ACE4-987B87DBBA1C}.Debug|Any CPU.Build.0 = Debug|Any CPU
		{BDF2F243-5D55-465C-ACE4-987B87DBBA1C}.Release|Any CPU.ActiveCfg = Release|Any CPU
		{BDF2F243-5D55-465C-ACE4-987B87DBBA1C}.Release|Any CPU.Build.0 = Release|Any CPU
		{8E9D3C1E-8B5B-4C56-B364-8BDF3B8B2E23}.Debug|Any CPU.ActiveCfg = Debug|Any CPU
		{8E9D3C1E-8B5B-4C56-B364-8BDF3B8B2E23}.Debug|Any CPU.Build.0 = Debug|Any CPU
		{8E9D3C1E-8B5B-4C56-B364-8BDF3B8B2E23}.Release|Any CPU.ActiveCfg = Release|Any CPU
		{8E9D3C1E-8B5B-4C56-B364-8BDF3B8B2E23}.Release|Any CPU.Build.0 = Release|Any CPU
		{3BE96AC7-192A-4A5A-8D39-71864CE3C322}.Debug|Any CPU.ActiveCfg = Debug|Any CPU
		{3BE96AC7-192A-4A5A-8D39-71864CE3C322}.Debug|Any CPU.Build.0 = Debug|Any CPU
		{3BE96AC7-192A-4A5A-8D39-71864CE3C322}.Release|Any CPU.ActiveCfg = Release|Any CPU
		{3BE96AC7-192A-4A5A-8D39-71864CE3C322}.Release|Any CPU.Build.0 = Release|Any CPU
	EndGlobalSection
	GlobalSection(SolutionProperties) = preSolution
		HideSolutionNode = FALSE
	EndGlobalSection
	GlobalSection(NestedProjects) = preSolution
		{5959B95F-D268-4DEA-B34B-7FA910B03816} = {4124B717-9263-47F5-9894-8C1DE781F957}
		{4A2A7A65-BF4B-4B61-99E6-4A8D02BB76BF} = {28ABA4DB-B7F5-4CE2-A934-02D4480846DE}
		{8A4E9FDF-3E1C-4038-9C56-C28434BDBEED} = {28ABA4DB-B7F5-4CE2-A934-02D4480846DE}
		{7DC09E95-5C71-482B-9466-FE3A4F00EAFB} = {28ABA4DB-B7F5-4CE2-A934-02D4480846DE}
		{48C4C38E-7B71-4BDE-BBEE-B9C201FF8BAD} = {28ABA4DB-B7F5-4CE2-A934-02D4480846DE}
		{9F9D62E0-5C0A-4069-BC3B-B2496EA6B652} = {28ABA4DB-B7F5-4CE2-A934-02D4480846DE}
		{49D6B3A5-A45F-431F-BCB6-D1869155AF56} = {28ABA4DB-B7F5-4CE2-A934-02D4480846DE}
		{34A5928B-271A-4E85-B109-45EBF6038252} = {28ABA4DB-B7F5-4CE2-A934-02D4480846DE}
		{3ACB0ED1-B7A4-4A55-BBDA-C2936C68DE76} = {28ABA4DB-B7F5-4CE2-A934-02D4480846DE}
		{BCDCFBDB-4FFC-4B29-8062-377376AD4909} = {28ABA4DB-B7F5-4CE2-A934-02D4480846DE}
		{639C2217-A540-452B-B41B-D12861BC88BB} = {28ABA4DB-B7F5-4CE2-A934-02D4480846DE}
		{39ACAFEE-9606-44A9-900D-4040C7F3AA61} = {28ABA4DB-B7F5-4CE2-A934-02D4480846DE}
		{BDF2F243-5D55-465C-ACE4-987B87DBBA1C} = {28ABA4DB-B7F5-4CE2-A934-02D4480846DE}
		{8E9D3C1E-8B5B-4C56-B364-8BDF3B8B2E23} = {28ABA4DB-B7F5-4CE2-A934-02D4480846DE}
		{3BE96AC7-192A-4A5A-8D39-71864CE3C322} = {28ABA4DB-B7F5-4CE2-A934-02D4480846DE}
	EndGlobalSection
EndGlobal
